
Microsoft Visual Studio Solution File, Format Version 12.00
# Visual Studio Version 16
VisualStudioVersion = 16.0.29806.167
MinimumVisualStudioVersion = 10.0.40219.1
Project("{FAE04EC0-301F-11D3-BF4B-00C04F79EFBC}") = "YahooXL", "YahooXL\YahooXL.csproj", "{59718F67-C68B-4CF2-A1BC-5C129FB2F74D}"
EndProject
Project("{2150E333-8FDC-42A3-9474-1A3956D46DE8}") = "SolutionItems", "SolutionItems", "{441289DE-27DD-4E48-AA37-B59712FE9E82}"
	ProjectSection(SolutionItems) = preProject
		..\..\prg\myProjects\GitHub\YahooXL\appveyor.yml = ..\..\prg\myProjects\GitHub\YahooXL\appveyor.yml
		..\..\prg\myProjects\GitHub\YahooXL\test.xlsx = ..\..\prg\myProjects\GitHub\YahooXL\test.xlsx
		..\..\prg\myProjects\GitHub\YahooXL\~notes.txt = ..\..\prg\myProjects\GitHub\YahooXL\~notes.txt
	EndProjectSection
EndProject
Global
	GlobalSection(SolutionConfigurationPlatforms) = preSolution
		Debug|Any CPU = Debug|Any CPU
		Release|Any CPU = Release|Any CPU
	EndGlobalSection
	GlobalSection(ProjectConfigurationPlatforms) = postSolution
		{59718F67-C68B-4CF2-A1BC-5C129FB2F74D}.Debug|Any CPU.ActiveCfg = Debug|Any CPU
		{59718F67-C68B-4CF2-A1BC-5C129FB2F74D}.Debug|Any CPU.Build.0 = Debug|Any CPU
		{59718F67-C68B-4CF2-A1BC-5C129FB2F74D}.Release|Any CPU.ActiveCfg = Release|Any CPU
		{59718F67-C68B-4CF2-A1BC-5C129FB2F74D}.Release|Any CPU.Build.0 = Release|Any CPU
	EndGlobalSection
	GlobalSection(SolutionProperties) = preSolution
		HideSolutionNode = FALSE
	EndGlobalSection
	GlobalSection(ExtensibilityGlobals) = postSolution
		SolutionGuid = {7CDA3DF6-61D6-46C3-9AEF-9C01FAEB319F}
	EndGlobalSection
EndGlobal
