
Microsoft Visual Studio Solution File, Format Version 12.00
# Visual Studio Version 16
VisualStudioVersion = 16.0.28705.295
MinimumVisualStudioVersion = 10.0.40219.1
Project("{FAE04EC0-301F-11D3-BF4B-00C04F79EFBC}") = "YahooXL", "YahooXL\YahooXL.csproj", "{6B1C2A34-1C5F-486A-9226-BDF67C303500}"
EndProject
Project("{2150E333-8FDC-42A3-9474-1A3956D46DE8}") = "Solution Items", "Solution Items", "{9798D1CF-1E55-44AC-A86A-B2D20F7F858D}"
	ProjectSection(SolutionItems) = preProject
		README.md = README.md
	EndProjectSection
EndProject
Global
	GlobalSection(SolutionConfigurationPlatforms) = preSolution
		Debug|Any CPU = Debug|Any CPU
		Release|Any CPU = Release|Any CPU
	EndGlobalSection
	GlobalSection(ProjectConfigurationPlatforms) = postSolution
		{6B1C2A34-1C5F-486A-9226-BDF67C303500}.Debug|Any CPU.ActiveCfg = Debug|Any CPU
		{6B1C2A34-1C5F-486A-9226-BDF67C303500}.Debug|Any CPU.Build.0 = Debug|Any CPU
		{6B1C2A34-1C5F-486A-9226-BDF67C303500}.Release|Any CPU.ActiveCfg = Release|Any CPU
		{6B1C2A34-1C5F-486A-9226-BDF67C303500}.Release|Any CPU.Build.0 = Release|Any CPU
	EndGlobalSection
	GlobalSection(SolutionProperties) = preSolution
		HideSolutionNode = FALSE
	EndGlobalSection
	GlobalSection(ExtensibilityGlobals) = postSolution
		SolutionGuid = {A8D41024-84FE-4232-BF78-6EF7FFDE8834}
	EndGlobalSection
EndGlobal
