
Microsoft Visual Studio Solution File, Format Version 12.00
# Visual Studio Version 17
VisualStudioVersion = 17.3.32922.545
MinimumVisualStudioVersion = 10.0.40219.1
Project("{9A19103F-16F7-4668-BE54-9A1E7A4F7556}") = "YahooXL", "YahooXL\YahooXL.csproj", "{65FAEB49-7E23-4784-9D16-5EF68E2DAF06}"
EndProject
Project("{2150E333-8FDC-42A3-9474-1A3956D46DE8}") = "SolutionItems", "SolutionItems", "{3FCD3FB8-C306-4D09-A25B-5F77F85DBE16}"
	ProjectSection(SolutionItems) = preProject
		appveyor.yml = appveyor.yml
		test.xlsx = test.xlsx
	EndProjectSection
EndProject
Global
	GlobalSection(SolutionConfigurationPlatforms) = preSolution
		Debug|Any CPU = Debug|Any CPU
		Release|Any CPU = Release|Any CPU
	EndGlobalSection
	GlobalSection(ProjectConfigurationPlatforms) = postSolution
		{65FAEB49-7E23-4784-9D16-5EF68E2DAF06}.Debug|Any CPU.ActiveCfg = Debug|Any CPU
		{65FAEB49-7E23-4784-9D16-5EF68E2DAF06}.Debug|Any CPU.Build.0 = Debug|Any CPU
		{65FAEB49-7E23-4784-9D16-5EF68E2DAF06}.Release|Any CPU.ActiveCfg = Release|Any CPU
		{65FAEB49-7E23-4784-9D16-5EF68E2DAF06}.Release|Any CPU.Build.0 = Release|Any CPU
	EndGlobalSection
	GlobalSection(SolutionProperties) = preSolution
		HideSolutionNode = FALSE
	EndGlobalSection
	GlobalSection(ExtensibilityGlobals) = postSolution
		SolutionGuid = {D824F402-D116-4BBB-87C5-CDFE5F52227D}
	EndGlobalSection
EndGlobal
